
Microsoft Visual Studio Solution File, Format Version 11.00
# Visual C# Express 2010
Project("{FAE04EC0-301F-11D3-BF4B-00C04F79EFBC}") = "otopark_otomasyon", "otopark_otomasyon\otopark_otomasyon.csproj", "{8B630DA4-E352-45E3-A45C-6FD1DA58F5EA}"
EndProject
Global
	GlobalSection(SolutionConfigurationPlatforms) = preSolution
		Debug|x86 = Debug|x86
		Release|x86 = Release|x86
	EndGlobalSection
	GlobalSection(ProjectConfigurationPlatforms) = postSolution
		{8B630DA4-E352-45E3-A45C-6FD1DA58F5EA}.Debug|x86.ActiveCfg = Debug|x86
		{8B630DA4-E352-45E3-A45C-6FD1DA58F5EA}.Debug|x86.Build.0 = Debug|x86
		{8B630DA4-E352-45E3-A45C-6FD1DA58F5EA}.Release|x86.ActiveCfg = Release|x86
		{8B630DA4-E352-45E3-A45C-6FD1DA58F5EA}.Release|x86.Build.0 = Release|x86
	EndGlobalSection
	GlobalSection(SolutionProperties) = preSolution
		HideSolutionNode = FALSE
	EndGlobalSection
EndGlobal
